
Microsoft Visual Studio Solution File, Format Version 12.00
# Visual Studio Version 17
VisualStudioVersion = 17.14.36221.1 d17.14
MinimumVisualStudioVersion = 10.0.40219.1
Project("{FAE04EC0-301F-11D3-BF4B-00C04F79EFBC}") = "ShowcaseTests", "ShowcaseTests\ShowcaseTests.csproj", "{2B9262EB-0053-4FDD-A114-362A89A488E2}"
EndProject
Global
	GlobalSection(SolutionConfigurationPlatforms) = preSolution
		Debug|Any CPU = Debug|Any CPU
		Release|Any CPU = Release|Any CPU
	EndGlobalSection
	GlobalSection(ProjectConfigurationPlatforms) = postSolution
		{2B9262EB-0053-4FDD-A114-362A89A488E2}.Debug|Any CPU.ActiveCfg = Debug|Any CPU
		{2B9262EB-0053-4FDD-A114-362A89A488E2}.Debug|Any CPU.Build.0 = Debug|Any CPU
		{2B9262EB-0053-4FDD-A114-362A89A488E2}.Release|Any CPU.ActiveCfg = Release|Any CPU
		{2B9262EB-0053-4FDD-A114-362A89A488E2}.Release|Any CPU.Build.0 = Release|Any CPU
	EndGlobalSection
	GlobalSection(SolutionProperties) = preSolution
		HideSolutionNode = FALSE
	EndGlobalSection
	GlobalSection(ExtensibilityGlobals) = postSolution
		SolutionGuid = {471E9957-3DCF-49E7-96FA-8D9C3E14FAC3}
	EndGlobalSection
EndGlobal
