
Microsoft Visual Studio Solution File, Format Version 12.00
# Visual Studio Version 17
VisualStudioVersion = 17.6.33829.357
MinimumVisualStudioVersion = 10.0.40219.1
Project("{9A19103F-16F7-4668-BE54-9A1E7A4F7556}") = "FeaturesOnline", "Wisej.Hybrid.Features\FeaturesOnline.csproj", "{D5B8C387-34C3-4BAF-81C8-D29AD8F95FE7}"
EndProject
Project("{9A19103F-16F7-4668-BE54-9A1E7A4F7556}") = "App", "App\App.csproj", "{E0985431-5691-4048-ADE5-4865C71CBABD}"
EndProject
Project("{9A19103F-16F7-4668-BE54-9A1E7A4F7556}") = "FeaturesOffline", "FeaturesOffline\FeaturesOffline\FeaturesOffline.csproj", "{A0A29867-6BC5-489A-8283-5025E4DC26A7}"
EndProject
Project("{FAE04EC0-301F-11D3-BF4B-00C04F79EFBC}") = "FeaturesShared", "FeaturesShared\FeaturesShared.csproj", "{EDAD55B9-4DD8-4F50-A08B-0AAC3A8258AB}"
EndProject
Global
	GlobalSection(SolutionConfigurationPlatforms) = preSolution
		Debug|Any CPU = Debug|Any CPU
		Release|Any CPU = Release|Any CPU
	EndGlobalSection
	GlobalSection(ProjectConfigurationPlatforms) = postSolution
		{D5B8C387-34C3-4BAF-81C8-D29AD8F95FE7}.Debug|Any CPU.ActiveCfg = Debug|Any CPU
		{D5B8C387-34C3-4BAF-81C8-D29AD8F95FE7}.Debug|Any CPU.Build.0 = Debug|Any CPU
		{D5B8C387-34C3-4BAF-81C8-D29AD8F95FE7}.Release|Any CPU.ActiveCfg = Release|Any CPU
		{D5B8C387-34C3-4BAF-81C8-D29AD8F95FE7}.Release|Any CPU.Build.0 = Release|Any CPU
		{E0985431-5691-4048-ADE5-4865C71CBABD}.Debug|Any CPU.ActiveCfg = Debug|Any CPU
		{E0985431-5691-4048-ADE5-4865C71CBABD}.Debug|Any CPU.Build.0 = Debug|Any CPU
		{E0985431-5691-4048-ADE5-4865C71CBABD}.Debug|Any CPU.Deploy.0 = Debug|Any CPU
		{E0985431-5691-4048-ADE5-4865C71CBABD}.Release|Any CPU.ActiveCfg = Release|Any CPU
		{E0985431-5691-4048-ADE5-4865C71CBABD}.Release|Any CPU.Build.0 = Release|Any CPU
		{E0985431-5691-4048-ADE5-4865C71CBABD}.Release|Any CPU.Deploy.0 = Release|Any CPU
		{A0A29867-6BC5-489A-8283-5025E4DC26A7}.Debug|Any CPU.ActiveCfg = Debug|Any CPU
		{A0A29867-6BC5-489A-8283-5025E4DC26A7}.Debug|Any CPU.Build.0 = Debug|Any CPU
		{A0A29867-6BC5-489A-8283-5025E4DC26A7}.Release|Any CPU.ActiveCfg = Release|Any CPU
		{A0A29867-6BC5-489A-8283-5025E4DC26A7}.Release|Any CPU.Build.0 = Release|Any CPU
		{EDAD55B9-4DD8-4F50-A08B-0AAC3A8258AB}.Debug|Any CPU.ActiveCfg = Debug|Any CPU
		{EDAD55B9-4DD8-4F50-A08B-0AAC3A8258AB}.Debug|Any CPU.Build.0 = Debug|Any CPU
		{EDAD55B9-4DD8-4F50-A08B-0AAC3A8258AB}.Release|Any CPU.ActiveCfg = Release|Any CPU
		{EDAD55B9-4DD8-4F50-A08B-0AAC3A8258AB}.Release|Any CPU.Build.0 = Release|Any CPU
	EndGlobalSection
	GlobalSection(SolutionProperties) = preSolution
		HideSolutionNode = FALSE
	EndGlobalSection
	GlobalSection(ExtensibilityGlobals) = postSolution
		SolutionGuid = {6CF2539D-A0A8-48EA-996D-CEEE281F6586}
	EndGlobalSection
EndGlobal
