
Microsoft Visual Studio Solution File, Format Version 12.00
# Visual Studio Version 17
VisualStudioVersion = 17.6.33829.357
MinimumVisualStudioVersion = 10.0.40219.1
Project("{FAE04EC0-301F-11D3-BF4B-00C04F79EFBC}") = "HybridExtensionsOffline", "HybridExtensionsOffline.csproj", "{AADF1D1B-38CF-4167-A096-EED01628501A}"
EndProject
Global
	GlobalSection(SolutionConfigurationPlatforms) = preSolution
		Debug|Any CPU = Debug|Any CPU
		Release|Any CPU = Release|Any CPU
	EndGlobalSection
	GlobalSection(ProjectConfigurationPlatforms) = postSolution
		{AADF1D1B-38CF-4167-A096-EED01628501A}.Debug|Any CPU.ActiveCfg = Debug|Any CPU
		{AADF1D1B-38CF-4167-A096-EED01628501A}.Debug|Any CPU.Build.0 = Debug|Any CPU
		{AADF1D1B-38CF-4167-A096-EED01628501A}.Release|Any CPU.ActiveCfg = Release|Any CPU
		{AADF1D1B-38CF-4167-A096-EED01628501A}.Release|Any CPU.Build.0 = Release|Any CPU
	EndGlobalSection
	GlobalSection(SolutionProperties) = preSolution
		HideSolutionNode = FALSE
	EndGlobalSection
	GlobalSection(ExtensibilityGlobals) = postSolution
		SolutionGuid = {AC9F9923-B2CB-481A-A122-9D15AD3649DA}
	EndGlobalSection
EndGlobal
